
Microsoft Visual Studio Solution File, Format Version 12.00
# Visual Studio 15
VisualStudioVersion = 15.0.27428.2037
MinimumVisualStudioVersion = 10.0.40219.1
Project("{FAE04EC0-301F-11D3-BF4B-00C04F79EFBC}") = "RevViews", "RevViews\RevViews.csproj", "{45B29D1F-FCF1-4C9E-83E2-DAA19876AA2D}"
EndProject
Global
	GlobalSection(SolutionConfigurationPlatforms) = preSolution
		Debug|Any CPU = Debug|Any CPU
		Release|Any CPU = Release|Any CPU
	EndGlobalSection
	GlobalSection(ProjectConfigurationPlatforms) = postSolution
		{45B29D1F-FCF1-4C9E-83E2-DAA19876AA2D}.Debug|Any CPU.ActiveCfg = Debug|Any CPU
		{45B29D1F-FCF1-4C9E-83E2-DAA19876AA2D}.Debug|Any CPU.Build.0 = Debug|Any CPU
		{45B29D1F-FCF1-4C9E-83E2-DAA19876AA2D}.Release|Any CPU.ActiveCfg = Release|Any CPU
		{45B29D1F-FCF1-4C9E-83E2-DAA19876AA2D}.Release|Any CPU.Build.0 = Release|Any CPU
	EndGlobalSection
	GlobalSection(SolutionProperties) = preSolution
		HideSolutionNode = FALSE
	EndGlobalSection
	GlobalSection(ExtensibilityGlobals) = postSolution
		SolutionGuid = {134983E4-65AB-4A30-AEC5-E8E8D22B7654}
	EndGlobalSection
EndGlobal
